// !$*UTF8*$!
{
	archiveVersion = 1;
	classes = {
	};
	objectVersion = 56;
	objects = {

/* Begin PBXBuildFile section */
		046453BA29EDDE86000B076C /* UserModel.swift in Sources */ = {isa = PBXBuildFile; fileRef = 046453B929EDDE86000B076C /* UserModel.swift */; };
		049D348429E23F3900E4E318 /* BlueButtonStyle.swift in Sources */ = {isa = PBXBuildFile; fileRef = 049D348329E23F3900E4E318 /* BlueButtonStyle.swift */; };
		04BAF6E129E964F1006BE7F2 /* SplashScreenView.swift in Sources */ = {isa = PBXBuildFile; fileRef = 04BAF6E029E964F1006BE7F2 /* SplashScreenView.swift */; };
		04BAF73C29E9B857006BE7F2 /* SignInView.swift in Sources */ = {isa = PBXBuildFile; fileRef = 04BAF73B29E9B857006BE7F2 /* SignInView.swift */; };
		04BAF73E29E9B86E006BE7F2 /* SignUpView.swift in Sources */ = {isa = PBXBuildFile; fileRef = 04BAF73D29E9B86E006BE7F2 /* SignUpView.swift */; };
		04BD7EF129DA0929007DBD22 /* MainView.swift in Sources */ = {isa = PBXBuildFile; fileRef = 04BD7EF029DA0929007DBD22 /* MainView.swift */; };
		04D2FE8929D41C78007A003A /* TravelAppApp.swift in Sources */ = {isa = PBXBuildFile; fileRef = 04D2FE8829D41C78007A003A /* TravelAppApp.swift */; };
		04D2FE8D29D41C7B007A003A /* Assets.xcassets in Resources */ = {isa = PBXBuildFile; fileRef = 04D2FE8C29D41C7B007A003A /* Assets.xcassets */; };
		04D2FE9029D41C7B007A003A /* Preview Assets.xcassets in Resources */ = {isa = PBXBuildFile; fileRef = 04D2FE8F29D41C7B007A003A /* Preview Assets.xcassets */; };
		04D2FE9D29D56E63007A003A /* FirebaseAnalytics in Frameworks */ = {isa = PBXBuildFile; productRef = 04D2FE9C29D56E63007A003A /* FirebaseAnalytics */; };
		04D2FE9F29D56E63007A003A /* FirebaseAuth in Frameworks */ = {isa = PBXBuildFile; productRef = 04D2FE9E29D56E63007A003A /* FirebaseAuth */; };
		04D2FEA129D56E63007A003A /* FirebaseCrashlytics in Frameworks */ = {isa = PBXBuildFile; productRef = 04D2FEA029D56E63007A003A /* FirebaseCrashlytics */; };
		04D2FEA329D56E63007A003A /* FirebaseDatabase in Frameworks */ = {isa = PBXBuildFile; productRef = 04D2FEA229D56E63007A003A /* FirebaseDatabase */; };
		04D2FEA529D56E63007A003A /* FirebaseDatabaseSwift in Frameworks */ = {isa = PBXBuildFile; productRef = 04D2FEA429D56E63007A003A /* FirebaseDatabaseSwift */; };
		04D2FEA729D56E63007A003A /* FirebaseStorageCombine-Community in Frameworks */ = {isa = PBXBuildFile; productRef = 04D2FEA629D56E63007A003A /* FirebaseStorageCombine-Community */; };
		04D2FEAB29D56ED0007A003A /* GoogleService-Info.plist in Resources */ = {isa = PBXBuildFile; fileRef = 04D2FEAA29D56ED0007A003A /* GoogleService-Info.plist */; };
/* End PBXBuildFile section */

/* Begin PBXFileReference section */
		046453B929EDDE86000B076C /* UserModel.swift */ = {isa = PBXFileReference; lastKnownFileType = sourcecode.swift; path = UserModel.swift; sourceTree = "<group>"; };
		049D348329E23F3900E4E318 /* BlueButtonStyle.swift */ = {isa = PBXFileReference; lastKnownFileType = sourcecode.swift; path = BlueButtonStyle.swift; sourceTree = "<group>"; };
		04BAF6E029E964F1006BE7F2 /* SplashScreenView.swift */ = {isa = PBXFileReference; lastKnownFileType = sourcecode.swift; path = SplashScreenView.swift; sourceTree = "<group>"; };
		04BAF73B29E9B857006BE7F2 /* SignInView.swift */ = {isa = PBXFileReference; lastKnownFileType = sourcecode.swift; path = SignInView.swift; sourceTree = "<group>"; };
		04BAF73D29E9B86E006BE7F2 /* SignUpView.swift */ = {isa = PBXFileReference; lastKnownFileType = sourcecode.swift; path = SignUpView.swift; sourceTree = "<group>"; };
		04BD7EF029DA0929007DBD22 /* MainView.swift */ = {isa = PBXFileReference; lastKnownFileType = sourcecode.swift; path = MainView.swift; sourceTree = "<group>"; };
		04D2FE8529D41C78007A003A /* TravelApp.app */ = {isa = PBXFileReference; explicitFileType = wrapper.application; includeInIndex = 0; path = TravelApp.app; sourceTree = BUILT_PRODUCTS_DIR; };
		04D2FE8829D41C78007A003A /* TravelAppApp.swift */ = {isa = PBXFileReference; lastKnownFileType = sourcecode.swift; path = TravelAppApp.swift; sourceTree = "<group>"; };
		04D2FE8C29D41C7B007A003A /* Assets.xcassets */ = {isa = PBXFileReference; lastKnownFileType = folder.assetcatalog; path = Assets.xcassets; sourceTree = "<group>"; };
		04D2FE8F29D41C7B007A003A /* Preview Assets.xcassets */ = {isa = PBXFileReference; lastKnownFileType = folder.assetcatalog; path = "Preview Assets.xcassets"; sourceTree = "<group>"; };
		04D2FEAA29D56ED0007A003A /* GoogleService-Info.plist */ = {isa = PBXFileReference; fileEncoding = 4; lastKnownFileType = text.plist.xml; name = "GoogleService-Info.plist"; path = "../../../Desktop/GoogleService-Info.plist"; sourceTree = "<group>"; };
/* End PBXFileReference section */

/* Begin PBXFrameworksBuildPhase section */
		04D2FE8229D41C78007A003A /* Frameworks */ = {
			isa = PBXFrameworksBuildPhase;
			buildActionMask = 2147483647;
			files = (
				04D2FEA529D56E63007A003A /* FirebaseDatabaseSwift in Frameworks */,
				04D2FEA129D56E63007A003A /* FirebaseCrashlytics in Frameworks */,
				04D2FE9D29D56E63007A003A /* FirebaseAnalytics in Frameworks */,
				04D2FEA329D56E63007A003A /* FirebaseDatabase in Frameworks */,
				04D2FEA729D56E63007A003A /* FirebaseStorageCombine-Community in Frameworks */,
				04D2FE9F29D56E63007A003A /* FirebaseAuth in Frameworks */,
			);
			runOnlyForDeploymentPostprocessing = 0;
		};
/* End PBXFrameworksBuildPhase section */

/* Begin PBXGroup section */
		046453B829EDDE17000B076C /* Models */ = {
			isa = PBXGroup;
			children = (
				046453B929EDDE86000B076C /* UserModel.swift */,
			);
			path = Models;
			sourceTree = "<group>";
		};
		049D348029E23EF000E4E318 /* Extension */ = {
			isa = PBXGroup;
			children = (
				049D348129E23EFD00E4E318 /* UI */,
			);
			path = Extension;
			sourceTree = "<group>";
		};
		049D348129E23EFD00E4E318 /* UI */ = {
			isa = PBXGroup;
			children = (
				049D348229E23F0400E4E318 /* Button */,
			);
			path = UI;
			sourceTree = "<group>";
		};
		049D348229E23F0400E4E318 /* Button */ = {
			isa = PBXGroup;
			children = (
				049D348329E23F3900E4E318 /* BlueButtonStyle.swift */,
			);
			path = Button;
			sourceTree = "<group>";
		};
		04BAF73F29E9BD74006BE7F2 /* Utils */ = {
			isa = PBXGroup;
			children = (
				04BAF74029E9BD7A006BE7F2 /* View */,
			);
			path = Utils;
			sourceTree = "<group>";
		};
		04BAF74029E9BD7A006BE7F2 /* View */ = {
			isa = PBXGroup;
			children = (
			);
			path = View;
			sourceTree = "<group>";
		};
		04BD7EED29DA0883007DBD22 /* MainView */ = {
			isa = PBXGroup;
			children = (
				04BD7EF029DA0929007DBD22 /* MainView.swift */,
			);
			path = MainView;
			sourceTree = "<group>";
		};
		04BD7EEE29DA089A007DBD22 /* SignInView */ = {
			isa = PBXGroup;
			children = (
				04BAF73B29E9B857006BE7F2 /* SignInView.swift */,
			);
			path = SignInView;
			sourceTree = "<group>";
		};
		04BD7EEF29DA08A3007DBD22 /* SignUpView */ = {
			isa = PBXGroup;
			children = (
				04BAF73D29E9B86E006BE7F2 /* SignUpView.swift */,
			);
			path = SignUpView;
			sourceTree = "<group>";
		};
		04D2FE7C29D41C78007A003A = {
			isa = PBXGroup;
			children = (
				04D2FE8729D41C78007A003A /* TravelApp */,
				04D2FE8629D41C78007A003A /* Products */,
			);
			sourceTree = "<group>";
		};
		04D2FE8629D41C78007A003A /* Products */ = {
			isa = PBXGroup;
			children = (
				04D2FE8529D41C78007A003A /* TravelApp.app */,
			);
			name = Products;
			sourceTree = "<group>";
		};
		04D2FE8729D41C78007A003A /* TravelApp */ = {
			isa = PBXGroup;
			children = (
				046453B829EDDE17000B076C /* Models */,
				04BAF73F29E9BD74006BE7F2 /* Utils */,
				049D348029E23EF000E4E318 /* Extension */,
				04D2FE9629D4215B007A003A /* AuthFlow */,
				04D2FE8829D41C78007A003A /* TravelAppApp.swift */,
				04BAF6E029E964F1006BE7F2 /* SplashScreenView.swift */,
				04D2FE8C29D41C7B007A003A /* Assets.xcassets */,
				04D2FEAA29D56ED0007A003A /* GoogleService-Info.plist */,
				04D2FE8E29D41C7B007A003A /* Preview Content */,
			);
			path = TravelApp;
			sourceTree = "<group>";
		};
		04D2FE8E29D41C7B007A003A /* Preview Content */ = {
			isa = PBXGroup;
			children = (
				04D2FE8F29D41C7B007A003A /* Preview Assets.xcassets */,
			);
			path = "Preview Content";
			sourceTree = "<group>";
		};
		04D2FE9629D4215B007A003A /* AuthFlow */ = {
			isa = PBXGroup;
			children = (
				04BD7EEF29DA08A3007DBD22 /* SignUpView */,
				04BD7EEE29DA089A007DBD22 /* SignInView */,
				04BD7EED29DA0883007DBD22 /* MainView */,
			);
			path = AuthFlow;
			sourceTree = "<group>";
		};
/* End PBXGroup section */

/* Begin PBXNativeTarget section */
		04D2FE8429D41C78007A003A /* TravelApp */ = {
			isa = PBXNativeTarget;
			buildConfigurationList = 04D2FE9329D41C7B007A003A /* Build configuration list for PBXNativeTarget "TravelApp" */;
			buildPhases = (
				04D2FE8129D41C78007A003A /* Sources */,
				04D2FE8229D41C78007A003A /* Frameworks */,
				04D2FE8329D41C78007A003A /* Resources */,
				04D2FEAC29D56FE1007A003A /* FirebaseCrashlytics */,
			);
			buildRules = (
			);
			dependencies = (
			);
			name = TravelApp;
			packageProductDependencies = (
				04D2FE9C29D56E63007A003A /* FirebaseAnalytics */,
				04D2FE9E29D56E63007A003A /* FirebaseAuth */,
				04D2FEA029D56E63007A003A /* FirebaseCrashlytics */,
				04D2FEA229D56E63007A003A /* FirebaseDatabase */,
				04D2FEA429D56E63007A003A /* FirebaseDatabaseSwift */,
				04D2FEA629D56E63007A003A /* FirebaseStorageCombine-Community */,
			);
			productName = TravelApp;
			productReference = 04D2FE8529D41C78007A003A /* TravelApp.app */;
			productType = "com.apple.product-type.application";
		};
/* End PBXNativeTarget section */

/* Begin PBXProject section */
		04D2FE7D29D41C78007A003A /* Project object */ = {
			isa = PBXProject;
			attributes = {
				BuildIndependentTargetsInParallel = 1;
				LastSwiftUpdateCheck = 1420;
				LastUpgradeCheck = 1420;
				TargetAttributes = {
					04D2FE8429D41C78007A003A = {
						CreatedOnToolsVersion = 14.2;
					};
				};
			};
			buildConfigurationList = 04D2FE8029D41C78007A003A /* Build configuration list for PBXProject "TravelApp" */;
			compatibilityVersion = "Xcode 14.0";
			developmentRegion = en;
			hasScannedForEncodings = 0;
			knownRegions = (
				en,
				Base,
			);
			mainGroup = 04D2FE7C29D41C78007A003A;
			packageReferences = (
				04D2FE9B29D56E63007A003A /* XCRemoteSwiftPackageReference "firebase-ios-sdk" */,
			);
			productRefGroup = 04D2FE8629D41C78007A003A /* Products */;
			projectDirPath = "";
			projectRoot = "";
			targets = (
				04D2FE8429D41C78007A003A /* TravelApp */,
			);
		};
/* End PBXProject section */

/* Begin PBXResourcesBuildPhase section */
		04D2FE8329D41C78007A003A /* Resources */ = {
			isa = PBXResourcesBuildPhase;
			buildActionMask = 2147483647;
			files = (
				04D2FE9029D41C7B007A003A /* Preview Assets.xcassets in Resources */,
				04D2FE8D29D41C7B007A003A /* Assets.xcassets in Resources */,
				04D2FEAB29D56ED0007A003A /* GoogleService-Info.plist in Resources */,
			);
			runOnlyForDeploymentPostprocessing = 0;
		};
/* End PBXResourcesBuildPhase section */

/* Begin PBXShellScriptBuildPhase section */
		04D2FEAC29D56FE1007A003A /* FirebaseCrashlytics */ = {
			isa = PBXShellScriptBuildPhase;
			buildActionMask = 2147483647;
			files = (
			);
			inputFileListPaths = (
			);
			inputPaths = (
				"$(SRCROOT)/$(BUILT_PRODUCTS_DIR)/$(INFOPLIST_PATH)",
			);
			name = FirebaseCrashlytics;
			outputFileListPaths = (
			);
			outputPaths = (
			);
			runOnlyForDeploymentPostprocessing = 0;
			shellPath = /bin/sh;
			shellScript = "\"${BUILD_DIR%/Build/*}/SourcePackages/checkouts/firebase-ios-sdk/Crashlytics/run\"\n";
		};
/* End PBXShellScriptBuildPhase section */

/* Begin PBXSourcesBuildPhase section */
		04D2FE8129D41C78007A003A /* Sources */ = {
			isa = PBXSourcesBuildPhase;
			buildActionMask = 2147483647;
			files = (
				049D348429E23F3900E4E318 /* BlueButtonStyle.swift in Sources */,
				046453BA29EDDE86000B076C /* UserModel.swift in Sources */,
				04BD7EF129DA0929007DBD22 /* MainView.swift in Sources */,
				04D2FE8929D41C78007A003A /* TravelAppApp.swift in Sources */,
				04BAF6E129E964F1006BE7F2 /* SplashScreenView.swift in Sources */,
				04BAF73E29E9B86E006BE7F2 /* SignUpView.swift in Sources */,
				04BAF73C29E9B857006BE7F2 /* SignInView.swift in Sources */,
			);
			runOnlyForDeploymentPostprocessing = 0;
		};
/* End PBXSourcesBuildPhase section */

/* Begin XCBuildConfiguration section */
		04D2FE9129D41C7B007A003A /* Debug */ = {
			isa = XCBuildConfiguration;
			buildSettings = {
				ALWAYS_SEARCH_USER_PATHS = NO;
				CLANG_ANALYZER_NONNULL = YES;
				CLANG_ANALYZER_NUMBER_OBJECT_CONVERSION = YES_AGGRESSIVE;
				CLANG_CXX_LANGUAGE_STANDARD = "gnu++20";
				CLANG_ENABLE_MODULES = YES;
				CLANG_ENABLE_OBJC_ARC = YES;
				CLANG_ENABLE_OBJC_WEAK = YES;
				CLANG_WARN_BLOCK_CAPTURE_AUTORELEASING = YES;
				CLANG_WARN_BOOL_CONVERSION = YES;
				CLANG_WARN_COMMA = YES;
				CLANG_WARN_CONSTANT_CONVERSION = YES;
				CLANG_WARN_DEPRECATED_OBJC_IMPLEMENTATIONS = YES;
				CLANG_WARN_DIRECT_OBJC_ISA_USAGE = YES_ERROR;
				CLANG_WARN_DOCUMENTATION_COMMENTS = YES;
				CLANG_WARN_EMPTY_BODY = YES;
				CLANG_WARN_ENUM_CONVERSION = YES;
				CLANG_WARN_INFINITE_RECURSION = YES;
				CLANG_WARN_INT_CONVERSION = YES;
				CLANG_WARN_NON_LITERAL_NULL_CONVERSION = YES;
				CLANG_WARN_OBJC_IMPLICIT_RETAIN_SELF = YES;
				CLANG_WARN_OBJC_LITERAL_CONVERSION = YES;
				CLANG_WARN_OBJC_ROOT_CLASS = YES_ERROR;
				CLANG_WARN_QUOTED_INCLUDE_IN_FRAMEWORK_HEADER = YES;
				CLANG_WARN_RANGE_LOOP_ANALYSIS = YES;
				CLANG_WARN_STRICT_PROTOTYPES = YES;
				CLANG_WARN_SUSPICIOUS_MOVE = YES;
				CLANG_WARN_UNGUARDED_AVAILABILITY = YES_AGGRESSIVE;
				CLANG_WARN_UNREACHABLE_CODE = YES;
				CLANG_WARN__DUPLICATE_METHOD_MATCH = YES;
				COPY_PHASE_STRIP = NO;
				DEBUG_INFORMATION_FORMAT = "dwarf-with-dsym";
				ENABLE_STRICT_OBJC_MSGSEND = YES;
				ENABLE_TESTABILITY = YES;
				GCC_C_LANGUAGE_STANDARD = gnu11;
				GCC_DYNAMIC_NO_PIC = NO;
				GCC_NO_COMMON_BLOCKS = YES;
				GCC_OPTIMIZATION_LEVEL = 0;
				GCC_PREPROCESSOR_DEFINITIONS = (
					"DEBUG=1",
					"$(inherited)",
				);
				GCC_WARN_64_TO_32_BIT_CONVERSION = YES;
				GCC_WARN_ABOUT_RETURN_TYPE = YES_ERROR;
				GCC_WARN_UNDECLARED_SELECTOR = YES;
				GCC_WARN_UNINITIALIZED_AUTOS = YES_AGGRESSIVE;
				GCC_WARN_UNUSED_FUNCTION = YES;
				GCC_WARN_UNUSED_VARIABLE = YES;
				IPHONEOS_DEPLOYMENT_TARGET = 16.2;
				MTL_ENABLE_DEBUG_INFO = INCLUDE_SOURCE;
				MTL_FAST_MATH = YES;
				ONLY_ACTIVE_ARCH = YES;
				SDKROOT = iphoneos;
				SWIFT_ACTIVE_COMPILATION_CONDITIONS = DEBUG;
				SWIFT_OPTIMIZATION_LEVEL = "-Onone";
			};
			name = Debug;
		};
		04D2FE9229D41C7B007A003A /* Release */ = {
			isa = XCBuildConfiguration;
			buildSettings = {
				ALWAYS_SEARCH_USER_PATHS = NO;
				CLANG_ANALYZER_NONNULL = YES;
				CLANG_ANALYZER_NUMBER_OBJECT_CONVERSION = YES_AGGRESSIVE;
				CLANG_CXX_LANGUAGE_STANDARD = "gnu++20";
				CLANG_ENABLE_MODULES = YES;
				CLANG_ENABLE_OBJC_ARC = YES;
				CLANG_ENABLE_OBJC_WEAK = YES;
				CLANG_WARN_BLOCK_CAPTURE_AUTORELEASING = YES;
				CLANG_WARN_BOOL_CONVERSION = YES;
				CLANG_WARN_COMMA = YES;
				CLANG_WARN_CONSTANT_CONVERSION = YES;
				CLANG_WARN_DEPRECATED_OBJC_IMPLEMENTATIONS = YES;
				CLANG_WARN_DIRECT_OBJC_ISA_USAGE = YES_ERROR;
				CLANG_WARN_DOCUMENTATION_COMMENTS = YES;
				CLANG_WARN_EMPTY_BODY = YES;
				CLANG_WARN_ENUM_CONVERSION = YES;
				CLANG_WARN_INFINITE_RECURSION = YES;
				CLANG_WARN_INT_CONVERSION = YES;
				CLANG_WARN_NON_LITERAL_NULL_CONVERSION = YES;
				CLANG_WARN_OBJC_IMPLICIT_RETAIN_SELF = YES;
				CLANG_WARN_OBJC_LITERAL_CONVERSION = YES;
				CLANG_WARN_OBJC_ROOT_CLASS = YES_ERROR;
				CLANG_WARN_QUOTED_INCLUDE_IN_FRAMEWORK_HEADER = YES;
				CLANG_WARN_RANGE_LOOP_ANALYSIS = YES;
				CLANG_WARN_STRICT_PROTOTYPES = YES;
				CLANG_WARN_SUSPICIOUS_MOVE = YES;
				CLANG_WARN_UNGUARDED_AVAILABILITY = YES_AGGRESSIVE;
				CLANG_WARN_UNREACHABLE_CODE = YES;
				CLANG_WARN__DUPLICATE_METHOD_MATCH = YES;
				COPY_PHASE_STRIP = NO;
				DEBUG_INFORMATION_FORMAT = "dwarf-with-dsym";
				ENABLE_NS_ASSERTIONS = NO;
				ENABLE_STRICT_OBJC_MSGSEND = YES;
				GCC_C_LANGUAGE_STANDARD = gnu11;
				GCC_NO_COMMON_BLOCKS = YES;
				GCC_WARN_64_TO_32_BIT_CONVERSION = YES;
				GCC_WARN_ABOUT_RETURN_TYPE = YES_ERROR;
				GCC_WARN_UNDECLARED_SELECTOR = YES;
				GCC_WARN_UNINITIALIZED_AUTOS = YES_AGGRESSIVE;
				GCC_WARN_UNUSED_FUNCTION = YES;
				GCC_WARN_UNUSED_VARIABLE = YES;
				IPHONEOS_DEPLOYMENT_TARGET = 16.2;
				MTL_ENABLE_DEBUG_INFO = NO;
				MTL_FAST_MATH = YES;
				SDKROOT = iphoneos;
				SWIFT_COMPILATION_MODE = wholemodule;
				SWIFT_OPTIMIZATION_LEVEL = "-O";
				VALIDATE_PRODUCT = YES;
			};
			name = Release;
		};
		04D2FE9429D41C7B007A003A /* Debug */ = {
			isa = XCBuildConfiguration;
			buildSettings = {
				ASSETCATALOG_COMPILER_APPICON_NAME = AppIcon;
				ASSETCATALOG_COMPILER_GLOBAL_ACCENT_COLOR_NAME = AccentColor;
				CODE_SIGN_STYLE = Automatic;
				CURRENT_PROJECT_VERSION = 1;
				DEBUG_INFORMATION_FORMAT = "dwarf-with-dsym";
				DEVELOPMENT_ASSET_PATHS = "\"TravelApp/Preview Content\"";
				DEVELOPMENT_TEAM = M77M9VK22X;
				ENABLE_PREVIEWS = YES;
				GENERATE_INFOPLIST_FILE = YES;
				INFOPLIST_KEY_UIApplicationSceneManifest_Generation = YES;
				INFOPLIST_KEY_UIApplicationSupportsIndirectInputEvents = YES;
				INFOPLIST_KEY_UILaunchScreen_Generation = YES;
				INFOPLIST_KEY_UISupportedInterfaceOrientations_iPad = "UIInterfaceOrientationPortrait UIInterfaceOrientationPortraitUpsideDown UIInterfaceOrientationLandscapeLeft UIInterfaceOrientationLandscapeRight";
				INFOPLIST_KEY_UISupportedInterfaceOrientations_iPhone = "UIInterfaceOrientationPortrait UIInterfaceOrientationLandscapeLeft UIInterfaceOrientationLandscapeRight";
				LD_RUNPATH_SEARCH_PATHS = (
					"$(inherited)",
					"@executable_path/Frameworks",
				);
				MARKETING_VERSION = 1.0;
				OTHER_LDFLAGS = "-Objc";
				PRODUCT_BUNDLE_IDENTIFIER = "Aliaksei-Balukhtsin.TravelApp";
				PRODUCT_NAME = "$(TARGET_NAME)";
				SWIFT_EMIT_LOC_STRINGS = YES;
				SWIFT_VERSION = 5.0;
				TARGETED_DEVICE_FAMILY = "1,2";
			};
			name = Debug;
		};
		04D2FE9529D41C7B007A003A /* Release */ = {
			isa = XCBuildConfiguration;
			buildSettings = {
				ASSETCATALOG_COMPILER_APPICON_NAME = AppIcon;
				ASSETCATALOG_COMPILER_GLOBAL_ACCENT_COLOR_NAME = AccentColor;
				CODE_SIGN_STYLE = Automatic;
				CURRENT_PROJECT_VERSION = 1;
				DEVELOPMENT_ASSET_PATHS = "\"TravelApp/Preview Content\"";
				DEVELOPMENT_TEAM = M77M9VK22X;
				ENABLE_PREVIEWS = YES;
				GENERATE_INFOPLIST_FILE = YES;
				INFOPLIST_KEY_UIApplicationSceneManifest_Generation = YES;
				INFOPLIST_KEY_UIApplicationSupportsIndirectInputEvents = YES;
				INFOPLIST_KEY_UILaunchScreen_Generation = YES;
				INFOPLIST_KEY_UISupportedInterfaceOrientations_iPad = "UIInterfaceOrientationPortrait UIInterfaceOrientationPortraitUpsideDown UIInterfaceOrientationLandscapeLeft UIInterfaceOrientationLandscapeRight";
				INFOPLIST_KEY_UISupportedInterfaceOrientations_iPhone = "UIInterfaceOrientationPortrait UIInterfaceOrientationLandscapeLeft UIInterfaceOrientationLandscapeRight";
				LD_RUNPATH_SEARCH_PATHS = (
					"$(inherited)",
					"@executable_path/Frameworks",
				);
				MARKETING_VERSION = 1.0;
				OTHER_LDFLAGS = "-Objc";
				PRODUCT_BUNDLE_IDENTIFIER = "Aliaksei-Balukhtsin.TravelApp";
				PRODUCT_NAME = "$(TARGET_NAME)";
				SWIFT_EMIT_LOC_STRINGS = YES;
				SWIFT_VERSION = 5.0;
				TARGETED_DEVICE_FAMILY = "1,2";
			};
			name = Release;
		};
/* End XCBuildConfiguration section */

/* Begin XCConfigurationList section */
		04D2FE8029D41C78007A003A /* Build configuration list for PBXProject "TravelApp" */ = {
			isa = XCConfigurationList;
			buildConfigurations = (
				04D2FE9129D41C7B007A003A /* Debug */,
				04D2FE9229D41C7B007A003A /* Release */,
			);
			defaultConfigurationIsVisible = 0;
			defaultConfigurationName = Release;
		};
		04D2FE9329D41C7B007A003A /* Build configuration list for PBXNativeTarget "TravelApp" */ = {
			isa = XCConfigurationList;
			buildConfigurations = (
				04D2FE9429D41C7B007A003A /* Debug */,
				04D2FE9529D41C7B007A003A /* Release */,
			);
			defaultConfigurationIsVisible = 0;
			defaultConfigurationName = Release;
		};
/* End XCConfigurationList section */

/* Begin XCRemoteSwiftPackageReference section */
		04D2FE9B29D56E63007A003A /* XCRemoteSwiftPackageReference "firebase-ios-sdk" */ = {
			isa = XCRemoteSwiftPackageReference;
			repositoryURL = "https://github.com/firebase/firebase-ios-sdk";
			requirement = {
				kind = upToNextMajorVersion;
				minimumVersion = 9.0.0;
			};
		};
/* End XCRemoteSwiftPackageReference section */

/* Begin XCSwiftPackageProductDependency section */
		04D2FE9C29D56E63007A003A /* FirebaseAnalytics */ = {
			isa = XCSwiftPackageProductDependency;
			package = 04D2FE9B29D56E63007A003A /* XCRemoteSwiftPackageReference "firebase-ios-sdk" */;
			productName = FirebaseAnalytics;
		};
		04D2FE9E29D56E63007A003A /* FirebaseAuth */ = {
			isa = XCSwiftPackageProductDependency;
			package = 04D2FE9B29D56E63007A003A /* XCRemoteSwiftPackageReference "firebase-ios-sdk" */;
			productName = FirebaseAuth;
		};
		04D2FEA029D56E63007A003A /* FirebaseCrashlytics */ = {
			isa = XCSwiftPackageProductDependency;
			package = 04D2FE9B29D56E63007A003A /* XCRemoteSwiftPackageReference "firebase-ios-sdk" */;
			productName = FirebaseCrashlytics;
		};
		04D2FEA229D56E63007A003A /* FirebaseDatabase */ = {
			isa = XCSwiftPackageProductDependency;
			package = 04D2FE9B29D56E63007A003A /* XCRemoteSwiftPackageReference "firebase-ios-sdk" */;
			productName = FirebaseDatabase;
		};
		04D2FEA429D56E63007A003A /* FirebaseDatabaseSwift */ = {
			isa = XCSwiftPackageProductDependency;
			package = 04D2FE9B29D56E63007A003A /* XCRemoteSwiftPackageReference "firebase-ios-sdk" */;
			productName = FirebaseDatabaseSwift;
		};
		04D2FEA629D56E63007A003A /* FirebaseStorageCombine-Community */ = {
			isa = XCSwiftPackageProductDependency;
			package = 04D2FE9B29D56E63007A003A /* XCRemoteSwiftPackageReference "firebase-ios-sdk" */;
			productName = "FirebaseStorageCombine-Community";
		};
/* End XCSwiftPackageProductDependency section */
	};
	rootObject = 04D2FE7D29D41C78007A003A /* Project object */;
}
